
Microsoft Visual Studio Solution File, Format Version 12.00
# Visual Studio Version 17
VisualStudioVersion = 17.10.34916.146
MinimumVisualStudioVersion = 10.0.40219.1
Project("{8BC9CEB8-8B4A-11D0-8D11-00A0C91BC942}") = "Program", "Program.vcxproj", "{97EEAC2E-B10C-4902-A150-AC66A928FBD2}"
EndProject
Project("{8BC9CEB8-8B4A-11D0-8D11-00A0C91BC942}") = "Class1th (Brute Force)", "..\Class1th (Brute Force)\Class1th (Brute Force).vcxproj", "{207FC750-9F98-4B6F-A8AB-B1E415A6633E}"
EndProject
Project("{8BC9CEB8-8B4A-11D0-8D11-00A0C91BC942}") = "Class2th (Sieve of Eratosthenes)", "..\Class2th (Sieve of Eratosthenes)\Class2th (Sieve of Eratosthenes).vcxproj", "{97352BDC-9217-4765-9925-7A2D30C869DC}"
EndProject
Project("{8BC9CEB8-8B4A-11D0-8D11-00A0C91BC942}") = "Class3th (Bubble Sort)", "..\Class3th (Bubble Sort)\Class3th (Bubble Sort).vcxproj", "{FF21A822-05B0-48F9-8E99-25E8F5B0FDF6}"
EndProject
Project("{8BC9CEB8-8B4A-11D0-8D11-00A0C91BC942}") = "Class4th (Select Sort)", "..\Class4th (Select Sort)\Class4th (Select Sort).vcxproj", "{EF2599A9-9474-40B3-AA31-EB03C7A33D53}"
EndProject
Project("{8BC9CEB8-8B4A-11D0-8D11-00A0C91BC942}") = "Class5th (lnsert Sort)", "..\Class5th (lnsert Sort)\Class5th (lnsert Sort).vcxproj", "{D5791ADD-720C-45B1-A558-7CEC1201840D}"
EndProject
Project("{8BC9CEB8-8B4A-11D0-8D11-00A0C91BC942}") = "Class6th (Two Pointer)", "..\Class6th (Two Pointer)\Class6th (Two Pointer).vcxproj", "{96569774-E914-4866-AED8-22724803D58D}"
EndProject
Project("{8BC9CEB8-8B4A-11D0-8D11-00A0C91BC942}") = "Class7th (Binary Search)", "..\Class7th (Binary Search)\Class7th (Binary Search).vcxproj", "{FF7FE7AD-A062-45E1-ABE0-46B5D8F722E0}"
EndProject
Project("{8BC9CEB8-8B4A-11D0-8D11-00A0C91BC942}") = "Class8th (Divide and Conquer)", "..\Class8th (Divide and Conquer)\Class8th (Divide and Conquer).vcxproj", "{B10BA050-26D2-4787-A976-F068F0A6A8B1}"
EndProject
Project("{8BC9CEB8-8B4A-11D0-8D11-00A0C91BC942}") = "Class9th (Quick Sort)", "..\Class9th (Quick Sort)\Class9th (Quick Sort).vcxproj", "{D40F94DD-F2BD-4AEF-872C-D8CFBDCCCB69}"
EndProject
Project("{8BC9CEB8-8B4A-11D0-8D11-00A0C91BC942}") = "Class10th (Merge Sort)", "..\Class10th (Merge Sort)\Class10th (Merge Sort).vcxproj", "{56B3D2CB-FE60-4084-AE35-2CC89582E9DD}"
EndProject
Project("{8BC9CEB8-8B4A-11D0-8D11-00A0C91BC942}") = "Class11th (Dynamic Programming)", "..\Class11th (Dynamic Programming)\Class11th (Dynamic Programming).vcxproj", "{22CEF145-F379-4E84-BBE9-55C396E62201}"
EndProject
Project("{8BC9CEB8-8B4A-11D0-8D11-00A0C91BC942}") = "Class12th (Greedy)", "..\Class12th (Greedy)\Class12th (Greedy).vcxproj", "{C5A14E37-4457-4A57-AFC3-968CD4E84B27}"
EndProject
Project("{8BC9CEB8-8B4A-11D0-8D11-00A0C91BC942}") = "Class13th (Shell Sort)", "..\Class13th (Shell Sort)\Class13th (Shell Sort).vcxproj", "{1081AC9D-58A0-4E5C-BC2E-78DC51E11835}"
EndProject
Project("{8BC9CEB8-8B4A-11D0-8D11-00A0C91BC942}") = "Class16th ()", "..\Class16th ()\Class16th ().vcxproj", "{B762F980-7627-4E7D-BB6E-0AC3BAD4AFD0}"
EndProject
Project("{8BC9CEB8-8B4A-11D0-8D11-00A0C91BC942}") = "Class17th (Breadth First Search)", "..\Class17th (Breadth First Search)\Class17th (Breadth First Search).vcxproj", "{C0F26798-FB45-4CC7-B9C6-BB0076C05DAD}"
EndProject
Project("{8BC9CEB8-8B4A-11D0-8D11-00A0C91BC942}") = "Class18th (Topology Sort)", "..\Class18th (Topology Sort)\Class18th (Topology Sort).vcxproj", "{233D9766-9279-4E32-AEE2-CE3BBE706526}"
EndProject
Project("{8BC9CEB8-8B4A-11D0-8D11-00A0C91BC942}") = "Class19th (Union Find)", "..\Class19th (Union Find)\Class19th (Union Find).vcxproj", "{4D6F50EA-E324-45E4-AF64-7DBB53E58F13}"
EndProject
Global
	GlobalSection(SolutionConfigurationPlatforms) = preSolution
		Debug|x64 = Debug|x64
		Debug|x86 = Debug|x86
		Release|x64 = Release|x64
		Release|x86 = Release|x86
	EndGlobalSection
	GlobalSection(ProjectConfigurationPlatforms) = postSolution
		{97EEAC2E-B10C-4902-A150-AC66A928FBD2}.Debug|x64.ActiveCfg = Debug|x64
		{97EEAC2E-B10C-4902-A150-AC66A928FBD2}.Debug|x64.Build.0 = Debug|x64
		{97EEAC2E-B10C-4902-A150-AC66A928FBD2}.Debug|x86.ActiveCfg = Debug|Win32
		{97EEAC2E-B10C-4902-A150-AC66A928FBD2}.Debug|x86.Build.0 = Debug|Win32
		{97EEAC2E-B10C-4902-A150-AC66A928FBD2}.Release|x64.ActiveCfg = Release|x64
		{97EEAC2E-B10C-4902-A150-AC66A928FBD2}.Release|x64.Build.0 = Release|x64
		{97EEAC2E-B10C-4902-A150-AC66A928FBD2}.Release|x86.ActiveCfg = Release|Win32
		{97EEAC2E-B10C-4902-A150-AC66A928FBD2}.Release|x86.Build.0 = Release|Win32
		{207FC750-9F98-4B6F-A8AB-B1E415A6633E}.Debug|x64.ActiveCfg = Debug|x64
		{207FC750-9F98-4B6F-A8AB-B1E415A6633E}.Debug|x64.Build.0 = Debug|x64
		{207FC750-9F98-4B6F-A8AB-B1E415A6633E}.Debug|x86.ActiveCfg = Debug|Win32
		{207FC750-9F98-4B6F-A8AB-B1E415A6633E}.Debug|x86.Build.0 = Debug|Win32
		{207FC750-9F98-4B6F-A8AB-B1E415A6633E}.Release|x64.ActiveCfg = Release|x64
		{207FC750-9F98-4B6F-A8AB-B1E415A6633E}.Release|x64.Build.0 = Release|x64
		{207FC750-9F98-4B6F-A8AB-B1E415A6633E}.Release|x86.ActiveCfg = Release|Win32
		{207FC750-9F98-4B6F-A8AB-B1E415A6633E}.Release|x86.Build.0 = Release|Win32
		{97352BDC-9217-4765-9925-7A2D30C869DC}.Debug|x64.ActiveCfg = Debug|x64
		{97352BDC-9217-4765-9925-7A2D30C869DC}.Debug|x64.Build.0 = Debug|x64
		{97352BDC-9217-4765-9925-7A2D30C869DC}.Debug|x86.ActiveCfg = Debug|Win32
		{97352BDC-9217-4765-9925-7A2D30C869DC}.Debug|x86.Build.0 = Debug|Win32
		{97352BDC-9217-4765-9925-7A2D30C869DC}.Release|x64.ActiveCfg = Release|x64
		{97352BDC-9217-4765-9925-7A2D30C869DC}.Release|x64.Build.0 = Release|x64
		{97352BDC-9217-4765-9925-7A2D30C869DC}.Release|x86.ActiveCfg = Release|Win32
		{97352BDC-9217-4765-9925-7A2D30C869DC}.Release|x86.Build.0 = Release|Win32
		{FF21A822-05B0-48F9-8E99-25E8F5B0FDF6}.Debug|x64.ActiveCfg = Debug|x64
		{FF21A822-05B0-48F9-8E99-25E8F5B0FDF6}.Debug|x64.Build.0 = Debug|x64
		{FF21A822-05B0-48F9-8E99-25E8F5B0FDF6}.Debug|x86.ActiveCfg = Debug|Win32
		{FF21A822-05B0-48F9-8E99-25E8F5B0FDF6}.Debug|x86.Build.0 = Debug|Win32
		{FF21A822-05B0-48F9-8E99-25E8F5B0FDF6}.Release|x64.ActiveCfg = Release|x64
		{FF21A822-05B0-48F9-8E99-25E8F5B0FDF6}.Release|x64.Build.0 = Release|x64
		{FF21A822-05B0-48F9-8E99-25E8F5B0FDF6}.Release|x86.ActiveCfg = Release|Win32
		{FF21A822-05B0-48F9-8E99-25E8F5B0FDF6}.Release|x86.Build.0 = Release|Win32
		{EF2599A9-9474-40B3-AA31-EB03C7A33D53}.Debug|x64.ActiveCfg = Debug|x64
		{EF2599A9-9474-40B3-AA31-EB03C7A33D53}.Debug|x64.Build.0 = Debug|x64
		{EF2599A9-9474-40B3-AA31-EB03C7A33D53}.Debug|x86.ActiveCfg = Debug|Win32
		{EF2599A9-9474-40B3-AA31-EB03C7A33D53}.Debug|x86.Build.0 = Debug|Win32
		{EF2599A9-9474-40B3-AA31-EB03C7A33D53}.Release|x64.ActiveCfg = Release|x64
		{EF2599A9-9474-40B3-AA31-EB03C7A33D53}.Release|x64.Build.0 = Release|x64
		{EF2599A9-9474-40B3-AA31-EB03C7A33D53}.Release|x86.ActiveCfg = Release|Win32
		{EF2599A9-9474-40B3-AA31-EB03C7A33D53}.Release|x86.Build.0 = Release|Win32
		{D5791ADD-720C-45B1-A558-7CEC1201840D}.Debug|x64.ActiveCfg = Debug|x64
		{D5791ADD-720C-45B1-A558-7CEC1201840D}.Debug|x64.Build.0 = Debug|x64
		{D5791ADD-720C-45B1-A558-7CEC1201840D}.Debug|x86.ActiveCfg = Debug|Win32
		{D5791ADD-720C-45B1-A558-7CEC1201840D}.Debug|x86.Build.0 = Debug|Win32
		{D5791ADD-720C-45B1-A558-7CEC1201840D}.Release|x64.ActiveCfg = Release|x64
		{D5791ADD-720C-45B1-A558-7CEC1201840D}.Release|x64.Build.0 = Release|x64
		{D5791ADD-720C-45B1-A558-7CEC1201840D}.Release|x86.ActiveCfg = Release|Win32
		{D5791ADD-720C-45B1-A558-7CEC1201840D}.Release|x86.Build.0 = Release|Win32
		{96569774-E914-4866-AED8-22724803D58D}.Debug|x64.ActiveCfg = Debug|x64
		{96569774-E914-4866-AED8-22724803D58D}.Debug|x64.Build.0 = Debug|x64
		{96569774-E914-4866-AED8-22724803D58D}.Debug|x86.ActiveCfg = Debug|Win32
		{96569774-E914-4866-AED8-22724803D58D}.Debug|x86.Build.0 = Debug|Win32
		{96569774-E914-4866-AED8-22724803D58D}.Release|x64.ActiveCfg = Release|x64
		{96569774-E914-4866-AED8-22724803D58D}.Release|x64.Build.0 = Release|x64
		{96569774-E914-4866-AED8-22724803D58D}.Release|x86.ActiveCfg = Release|Win32
		{96569774-E914-4866-AED8-22724803D58D}.Release|x86.Build.0 = Release|Win32
		{FF7FE7AD-A062-45E1-ABE0-46B5D8F722E0}.Debug|x64.ActiveCfg = Debug|x64
		{FF7FE7AD-A062-45E1-ABE0-46B5D8F722E0}.Debug|x64.Build.0 = Debug|x64
		{FF7FE7AD-A062-45E1-ABE0-46B5D8F722E0}.Debug|x86.ActiveCfg = Debug|Win32
		{FF7FE7AD-A062-45E1-ABE0-46B5D8F722E0}.Debug|x86.Build.0 = Debug|Win32
		{FF7FE7AD-A062-45E1-ABE0-46B5D8F722E0}.Release|x64.ActiveCfg = Release|x64
		{FF7FE7AD-A062-45E1-ABE0-46B5D8F722E0}.Release|x64.Build.0 = Release|x64
		{FF7FE7AD-A062-45E1-ABE0-46B5D8F722E0}.Release|x86.ActiveCfg = Release|Win32
		{FF7FE7AD-A062-45E1-ABE0-46B5D8F722E0}.Release|x86.Build.0 = Release|Win32
		{B10BA050-26D2-4787-A976-F068F0A6A8B1}.Debug|x64.ActiveCfg = Debug|x64
		{B10BA050-26D2-4787-A976-F068F0A6A8B1}.Debug|x64.Build.0 = Debug|x64
		{B10BA050-26D2-4787-A976-F068F0A6A8B1}.Debug|x86.ActiveCfg = Debug|Win32
		{B10BA050-26D2-4787-A976-F068F0A6A8B1}.Debug|x86.Build.0 = Debug|Win32
		{B10BA050-26D2-4787-A976-F068F0A6A8B1}.Release|x64.ActiveCfg = Release|x64
		{B10BA050-26D2-4787-A976-F068F0A6A8B1}.Release|x64.Build.0 = Release|x64
		{B10BA050-26D2-4787-A976-F068F0A6A8B1}.Release|x86.ActiveCfg = Release|Win32
		{B10BA050-26D2-4787-A976-F068F0A6A8B1}.Release|x86.Build.0 = Release|Win32
		{D40F94DD-F2BD-4AEF-872C-D8CFBDCCCB69}.Debug|x64.ActiveCfg = Debug|x64
		{D40F94DD-F2BD-4AEF-872C-D8CFBDCCCB69}.Debug|x64.Build.0 = Debug|x64
		{D40F94DD-F2BD-4AEF-872C-D8CFBDCCCB69}.Debug|x86.ActiveCfg = Debug|Win32
		{D40F94DD-F2BD-4AEF-872C-D8CFBDCCCB69}.Debug|x86.Build.0 = Debug|Win32
		{D40F94DD-F2BD-4AEF-872C-D8CFBDCCCB69}.Release|x64.ActiveCfg = Release|x64
		{D40F94DD-F2BD-4AEF-872C-D8CFBDCCCB69}.Release|x64.Build.0 = Release|x64
		{D40F94DD-F2BD-4AEF-872C-D8CFBDCCCB69}.Release|x86.ActiveCfg = Release|Win32
		{D40F94DD-F2BD-4AEF-872C-D8CFBDCCCB69}.Release|x86.Build.0 = Release|Win32
		{56B3D2CB-FE60-4084-AE35-2CC89582E9DD}.Debug|x64.ActiveCfg = Debug|x64
		{56B3D2CB-FE60-4084-AE35-2CC89582E9DD}.Debug|x64.Build.0 = Debug|x64
		{56B3D2CB-FE60-4084-AE35-2CC89582E9DD}.Debug|x86.ActiveCfg = Debug|Win32
		{56B3D2CB-FE60-4084-AE35-2CC89582E9DD}.Debug|x86.Build.0 = Debug|Win32
		{56B3D2CB-FE60-4084-AE35-2CC89582E9DD}.Release|x64.ActiveCfg = Release|x64
		{56B3D2CB-FE60-4084-AE35-2CC89582E9DD}.Release|x64.Build.0 = Release|x64
		{56B3D2CB-FE60-4084-AE35-2CC89582E9DD}.Release|x86.ActiveCfg = Release|Win32
		{56B3D2CB-FE60-4084-AE35-2CC89582E9DD}.Release|x86.Build.0 = Release|Win32
		{22CEF145-F379-4E84-BBE9-55C396E62201}.Debug|x64.ActiveCfg = Debug|x64
		{22CEF145-F379-4E84-BBE9-55C396E62201}.Debug|x64.Build.0 = Debug|x64
		{22CEF145-F379-4E84-BBE9-55C396E62201}.Debug|x86.ActiveCfg = Debug|Win32
		{22CEF145-F379-4E84-BBE9-55C396E62201}.Debug|x86.Build.0 = Debug|Win32
		{22CEF145-F379-4E84-BBE9-55C396E62201}.Release|x64.ActiveCfg = Release|x64
		{22CEF145-F379-4E84-BBE9-55C396E62201}.Release|x64.Build.0 = Release|x64
		{22CEF145-F379-4E84-BBE9-55C396E62201}.Release|x86.ActiveCfg = Release|Win32
		{22CEF145-F379-4E84-BBE9-55C396E62201}.Release|x86.Build.0 = Release|Win32
		{C5A14E37-4457-4A57-AFC3-968CD4E84B27}.Debug|x64.ActiveCfg = Debug|x64
		{C5A14E37-4457-4A57-AFC3-968CD4E84B27}.Debug|x64.Build.0 = Debug|x64
		{C5A14E37-4457-4A57-AFC3-968CD4E84B27}.Debug|x86.ActiveCfg = Debug|Win32
		{C5A14E37-4457-4A57-AFC3-968CD4E84B27}.Debug|x86.Build.0 = Debug|Win32
		{C5A14E37-4457-4A57-AFC3-968CD4E84B27}.Release|x64.ActiveCfg = Release|x64
		{C5A14E37-4457-4A57-AFC3-968CD4E84B27}.Release|x64.Build.0 = Release|x64
		{C5A14E37-4457-4A57-AFC3-968CD4E84B27}.Release|x86.ActiveCfg = Release|Win32
		{C5A14E37-4457-4A57-AFC3-968CD4E84B27}.Release|x86.Build.0 = Release|Win32
		{1081AC9D-58A0-4E5C-BC2E-78DC51E11835}.Debug|x64.ActiveCfg = Debug|x64
		{1081AC9D-58A0-4E5C-BC2E-78DC51E11835}.Debug|x64.Build.0 = Debug|x64
		{1081AC9D-58A0-4E5C-BC2E-78DC51E11835}.Debug|x86.ActiveCfg = Debug|Win32
		{1081AC9D-58A0-4E5C-BC2E-78DC51E11835}.Debug|x86.Build.0 = Debug|Win32
		{1081AC9D-58A0-4E5C-BC2E-78DC51E11835}.Release|x64.ActiveCfg = Release|x64
		{1081AC9D-58A0-4E5C-BC2E-78DC51E11835}.Release|x64.Build.0 = Release|x64
		{1081AC9D-58A0-4E5C-BC2E-78DC51E11835}.Release|x86.ActiveCfg = Release|Win32
		{1081AC9D-58A0-4E5C-BC2E-78DC51E11835}.Release|x86.Build.0 = Release|Win32
		{B762F980-7627-4E7D-BB6E-0AC3BAD4AFD0}.Debug|x64.ActiveCfg = Debug|x64
		{B762F980-7627-4E7D-BB6E-0AC3BAD4AFD0}.Debug|x64.Build.0 = Debug|x64
		{B762F980-7627-4E7D-BB6E-0AC3BAD4AFD0}.Debug|x86.ActiveCfg = Debug|Win32
		{B762F980-7627-4E7D-BB6E-0AC3BAD4AFD0}.Debug|x86.Build.0 = Debug|Win32
		{B762F980-7627-4E7D-BB6E-0AC3BAD4AFD0}.Release|x64.ActiveCfg = Release|x64
		{B762F980-7627-4E7D-BB6E-0AC3BAD4AFD0}.Release|x64.Build.0 = Release|x64
		{B762F980-7627-4E7D-BB6E-0AC3BAD4AFD0}.Release|x86.ActiveCfg = Release|Win32
		{B762F980-7627-4E7D-BB6E-0AC3BAD4AFD0}.Release|x86.Build.0 = Release|Win32
		{C0F26798-FB45-4CC7-B9C6-BB0076C05DAD}.Debug|x64.ActiveCfg = Debug|x64
		{C0F26798-FB45-4CC7-B9C6-BB0076C05DAD}.Debug|x64.Build.0 = Debug|x64
		{C0F26798-FB45-4CC7-B9C6-BB0076C05DAD}.Debug|x86.ActiveCfg = Debug|Win32
		{C0F26798-FB45-4CC7-B9C6-BB0076C05DAD}.Debug|x86.Build.0 = Debug|Win32
		{C0F26798-FB45-4CC7-B9C6-BB0076C05DAD}.Release|x64.ActiveCfg = Release|x64
		{C0F26798-FB45-4CC7-B9C6-BB0076C05DAD}.Release|x64.Build.0 = Release|x64
		{C0F26798-FB45-4CC7-B9C6-BB0076C05DAD}.Release|x86.ActiveCfg = Release|Win32
		{C0F26798-FB45-4CC7-B9C6-BB0076C05DAD}.Release|x86.Build.0 = Release|Win32
		{233D9766-9279-4E32-AEE2-CE3BBE706526}.Debug|x64.ActiveCfg = Debug|x64
		{233D9766-9279-4E32-AEE2-CE3BBE706526}.Debug|x64.Build.0 = Debug|x64
		{233D9766-9279-4E32-AEE2-CE3BBE706526}.Debug|x86.ActiveCfg = Debug|Win32
		{233D9766-9279-4E32-AEE2-CE3BBE706526}.Debug|x86.Build.0 = Debug|Win32
		{233D9766-9279-4E32-AEE2-CE3BBE706526}.Release|x64.ActiveCfg = Release|x64
		{233D9766-9279-4E32-AEE2-CE3BBE706526}.Release|x64.Build.0 = Release|x64
		{233D9766-9279-4E32-AEE2-CE3BBE706526}.Release|x86.ActiveCfg = Release|Win32
		{233D9766-9279-4E32-AEE2-CE3BBE706526}.Release|x86.Build.0 = Release|Win32
		{4D6F50EA-E324-45E4-AF64-7DBB53E58F13}.Debug|x64.ActiveCfg = Debug|x64
		{4D6F50EA-E324-45E4-AF64-7DBB53E58F13}.Debug|x64.Build.0 = Debug|x64
		{4D6F50EA-E324-45E4-AF64-7DBB53E58F13}.Debug|x86.ActiveCfg = Debug|Win32
		{4D6F50EA-E324-45E4-AF64-7DBB53E58F13}.Debug|x86.Build.0 = Debug|Win32
		{4D6F50EA-E324-45E4-AF64-7DBB53E58F13}.Release|x64.ActiveCfg = Release|x64
		{4D6F50EA-E324-45E4-AF64-7DBB53E58F13}.Release|x64.Build.0 = Release|x64
		{4D6F50EA-E324-45E4-AF64-7DBB53E58F13}.Release|x86.ActiveCfg = Release|Win32
		{4D6F50EA-E324-45E4-AF64-7DBB53E58F13}.Release|x86.Build.0 = Release|Win32
	EndGlobalSection
	GlobalSection(SolutionProperties) = preSolution
		HideSolutionNode = FALSE
	EndGlobalSection
	GlobalSection(ExtensibilityGlobals) = postSolution
		SolutionGuid = {FF220827-11B0-4EAE-B227-551713508C7A}
	EndGlobalSection
EndGlobal
