
Microsoft Visual Studio Solution File, Format Version 12.00
# Visual Studio Version 17
VisualStudioVersion = 17.10.34916.146
MinimumVisualStudioVersion = 10.0.40219.1
Project("{8BC9CEB8-8B4A-11D0-8D11-00A0C91BC942}") = "Program", "Program.vcxproj", "{97EEAC2E-B10C-4902-A150-AC66A928FBD2}"
EndProject
Project("{8BC9CEB8-8B4A-11D0-8D11-00A0C91BC942}") = "Class1th (Brute Force)", "..\Class1th (Brute Force)\Class1th (Brute Force).vcxproj", "{207FC750-9F98-4B6F-A8AB-B1E415A6633E}"
EndProject
Project("{8BC9CEB8-8B4A-11D0-8D11-00A0C91BC942}") = "Class2th (Sieve of Eratosthenes)", "..\Class2th (Sieve of Eratosthenes)\Class2th (Sieve of Eratosthenes).vcxproj", "{97352BDC-9217-4765-9925-7A2D30C869DC}"
EndProject
Project("{8BC9CEB8-8B4A-11D0-8D11-00A0C91BC942}") = "Class3th (Bubble Sort)", "..\Class3th (Bubble Sort)\Class3th (Bubble Sort).vcxproj", "{FF21A822-05B0-48F9-8E99-25E8F5B0FDF6}"
EndProject
Project("{8BC9CEB8-8B4A-11D0-8D11-00A0C91BC942}") = "Class4th (Select Sort)", "..\Class4th (Select Sort)\Class4th (Select Sort).vcxproj", "{EF2599A9-9474-40B3-AA31-EB03C7A33D53}"
EndProject
Project("{8BC9CEB8-8B4A-11D0-8D11-00A0C91BC942}") = "Class5th (lnsert Sort)", "..\Class5th (lnsert Sort)\Class5th (lnsert Sort).vcxproj", "{D5791ADD-720C-45B1-A558-7CEC1201840D}"
EndProject
Project("{8BC9CEB8-8B4A-11D0-8D11-00A0C91BC942}") = "Class6th (Two Pointer)", "..\Class6th (Two Pointer)\Class6th (Two Pointer).vcxproj", "{96569774-E914-4866-AED8-22724803D58D}"
EndProject
Global
	GlobalSection(SolutionConfigurationPlatforms) = preSolution
		Debug|x64 = Debug|x64
		Debug|x86 = Debug|x86
		Release|x64 = Release|x64
		Release|x86 = Release|x86
	EndGlobalSection
	GlobalSection(ProjectConfigurationPlatforms) = postSolution
		{97EEAC2E-B10C-4902-A150-AC66A928FBD2}.Debug|x64.ActiveCfg = Debug|x64
		{97EEAC2E-B10C-4902-A150-AC66A928FBD2}.Debug|x64.Build.0 = Debug|x64
		{97EEAC2E-B10C-4902-A150-AC66A928FBD2}.Debug|x86.ActiveCfg = Debug|Win32
		{97EEAC2E-B10C-4902-A150-AC66A928FBD2}.Debug|x86.Build.0 = Debug|Win32
		{97EEAC2E-B10C-4902-A150-AC66A928FBD2}.Release|x64.ActiveCfg = Release|x64
		{97EEAC2E-B10C-4902-A150-AC66A928FBD2}.Release|x64.Build.0 = Release|x64
		{97EEAC2E-B10C-4902-A150-AC66A928FBD2}.Release|x86.ActiveCfg = Release|Win32
		{97EEAC2E-B10C-4902-A150-AC66A928FBD2}.Release|x86.Build.0 = Release|Win32
		{207FC750-9F98-4B6F-A8AB-B1E415A6633E}.Debug|x64.ActiveCfg = Debug|x64
		{207FC750-9F98-4B6F-A8AB-B1E415A6633E}.Debug|x64.Build.0 = Debug|x64
		{207FC750-9F98-4B6F-A8AB-B1E415A6633E}.Debug|x86.ActiveCfg = Debug|Win32
		{207FC750-9F98-4B6F-A8AB-B1E415A6633E}.Debug|x86.Build.0 = Debug|Win32
		{207FC750-9F98-4B6F-A8AB-B1E415A6633E}.Release|x64.ActiveCfg = Release|x64
		{207FC750-9F98-4B6F-A8AB-B1E415A6633E}.Release|x64.Build.0 = Release|x64
		{207FC750-9F98-4B6F-A8AB-B1E415A6633E}.Release|x86.ActiveCfg = Release|Win32
		{207FC750-9F98-4B6F-A8AB-B1E415A6633E}.Release|x86.Build.0 = Release|Win32
		{97352BDC-9217-4765-9925-7A2D30C869DC}.Debug|x64.ActiveCfg = Debug|x64
		{97352BDC-9217-4765-9925-7A2D30C869DC}.Debug|x64.Build.0 = Debug|x64
		{97352BDC-9217-4765-9925-7A2D30C869DC}.Debug|x86.ActiveCfg = Debug|Win32
		{97352BDC-9217-4765-9925-7A2D30C869DC}.Debug|x86.Build.0 = Debug|Win32
		{97352BDC-9217-4765-9925-7A2D30C869DC}.Release|x64.ActiveCfg = Release|x64
		{97352BDC-9217-4765-9925-7A2D30C869DC}.Release|x64.Build.0 = Release|x64
		{97352BDC-9217-4765-9925-7A2D30C869DC}.Release|x86.ActiveCfg = Release|Win32
		{97352BDC-9217-4765-9925-7A2D30C869DC}.Release|x86.Build.0 = Release|Win32
		{FF21A822-05B0-48F9-8E99-25E8F5B0FDF6}.Debug|x64.ActiveCfg = Debug|x64
		{FF21A822-05B0-48F9-8E99-25E8F5B0FDF6}.Debug|x64.Build.0 = Debug|x64
		{FF21A822-05B0-48F9-8E99-25E8F5B0FDF6}.Debug|x86.ActiveCfg = Debug|Win32
		{FF21A822-05B0-48F9-8E99-25E8F5B0FDF6}.Debug|x86.Build.0 = Debug|Win32
		{FF21A822-05B0-48F9-8E99-25E8F5B0FDF6}.Release|x64.ActiveCfg = Release|x64
		{FF21A822-05B0-48F9-8E99-25E8F5B0FDF6}.Release|x64.Build.0 = Release|x64
		{FF21A822-05B0-48F9-8E99-25E8F5B0FDF6}.Release|x86.ActiveCfg = Release|Win32
		{FF21A822-05B0-48F9-8E99-25E8F5B0FDF6}.Release|x86.Build.0 = Release|Win32
		{EF2599A9-9474-40B3-AA31-EB03C7A33D53}.Debug|x64.ActiveCfg = Debug|x64
		{EF2599A9-9474-40B3-AA31-EB03C7A33D53}.Debug|x64.Build.0 = Debug|x64
		{EF2599A9-9474-40B3-AA31-EB03C7A33D53}.Debug|x86.ActiveCfg = Debug|Win32
		{EF2599A9-9474-40B3-AA31-EB03C7A33D53}.Debug|x86.Build.0 = Debug|Win32
		{EF2599A9-9474-40B3-AA31-EB03C7A33D53}.Release|x64.ActiveCfg = Release|x64
		{EF2599A9-9474-40B3-AA31-EB03C7A33D53}.Release|x64.Build.0 = Release|x64
		{EF2599A9-9474-40B3-AA31-EB03C7A33D53}.Release|x86.ActiveCfg = Release|Win32
		{EF2599A9-9474-40B3-AA31-EB03C7A33D53}.Release|x86.Build.0 = Release|Win32
		{D5791ADD-720C-45B1-A558-7CEC1201840D}.Debug|x64.ActiveCfg = Debug|x64
		{D5791ADD-720C-45B1-A558-7CEC1201840D}.Debug|x64.Build.0 = Debug|x64
		{D5791ADD-720C-45B1-A558-7CEC1201840D}.Debug|x86.ActiveCfg = Debug|Win32
		{D5791ADD-720C-45B1-A558-7CEC1201840D}.Debug|x86.Build.0 = Debug|Win32
		{D5791ADD-720C-45B1-A558-7CEC1201840D}.Release|x64.ActiveCfg = Release|x64
		{D5791ADD-720C-45B1-A558-7CEC1201840D}.Release|x64.Build.0 = Release|x64
		{D5791ADD-720C-45B1-A558-7CEC1201840D}.Release|x86.ActiveCfg = Release|Win32
		{D5791ADD-720C-45B1-A558-7CEC1201840D}.Release|x86.Build.0 = Release|Win32
		{96569774-E914-4866-AED8-22724803D58D}.Debug|x64.ActiveCfg = Debug|x64
		{96569774-E914-4866-AED8-22724803D58D}.Debug|x64.Build.0 = Debug|x64
		{96569774-E914-4866-AED8-22724803D58D}.Debug|x86.ActiveCfg = Debug|Win32
		{96569774-E914-4866-AED8-22724803D58D}.Debug|x86.Build.0 = Debug|Win32
		{96569774-E914-4866-AED8-22724803D58D}.Release|x64.ActiveCfg = Release|x64
		{96569774-E914-4866-AED8-22724803D58D}.Release|x64.Build.0 = Release|x64
		{96569774-E914-4866-AED8-22724803D58D}.Release|x86.ActiveCfg = Release|Win32
		{96569774-E914-4866-AED8-22724803D58D}.Release|x86.Build.0 = Release|Win32
	EndGlobalSection
	GlobalSection(SolutionProperties) = preSolution
		HideSolutionNode = FALSE
	EndGlobalSection
	GlobalSection(ExtensibilityGlobals) = postSolution
		SolutionGuid = {FF220827-11B0-4EAE-B227-551713508C7A}
	EndGlobalSection
EndGlobal
